// !$*UTF8*$!
{
	archiveVersion = 1;
	classes = {
	};
	objectVersion = 56;
	objects = {

/* Begin PBXBuildFile section */
		A4213F942A6A71CF00B14A40 /* LocationSearchActivationView.swift in Sources */ = {isa = PBXBuildFile; fileRef = A4213F932A6A71CF00B14A40 /* LocationSearchActivationView.swift */; };
		A4213F962A6A744300B14A40 /* MapViewActionButton.swift in Sources */ = {isa = PBXBuildFile; fileRef = A4213F952A6A744300B14A40 /* MapViewActionButton.swift */; };
		A4213F982A6A77EF00B14A40 /* LocationSearchView.swift in Sources */ = {isa = PBXBuildFile; fileRef = A4213F972A6A77EF00B14A40 /* LocationSearchView.swift */; };
		A4213F9A2A6A7F9E00B14A40 /* LocationSearchResultsCell.swift in Sources */ = {isa = PBXBuildFile; fileRef = A4213F992A6A7F9E00B14A40 /* LocationSearchResultsCell.swift */; };
		A4213F9E2A6A8D0100B14A40 /* LocationSearchModel.swift in Sources */ = {isa = PBXBuildFile; fileRef = A4213F9D2A6A8D0100B14A40 /* LocationSearchModel.swift */; };
		A4213FA02A6B137C00B14A40 /* MapViewsState.swift in Sources */ = {isa = PBXBuildFile; fileRef = A4213F9F2A6B137C00B14A40 /* MapViewsState.swift */; };
		A44D56FF2A69ABC000087635 /* TaxiAppApp.swift in Sources */ = {isa = PBXBuildFile; fileRef = A44D56FE2A69ABC000087635 /* TaxiAppApp.swift */; };
		A44D57032A69ABC100087635 /* Assets.xcassets in Resources */ = {isa = PBXBuildFile; fileRef = A44D57022A69ABC100087635 /* Assets.xcassets */; };
		A44D57062A69ABC100087635 /* Preview Assets.xcassets in Resources */ = {isa = PBXBuildFile; fileRef = A44D57052A69ABC100087635 /* Preview Assets.xcassets */; };
		A44D57142A69AC6700087635 /* HomeView.swift in Sources */ = {isa = PBXBuildFile; fileRef = A44D57132A69AC6700087635 /* HomeView.swift */; };
		A44D57162A69ACF500087635 /* UberMapViewRepresentable.swift in Sources */ = {isa = PBXBuildFile; fileRef = A44D57152A69ACF500087635 /* UberMapViewRepresentable.swift */; };
		A44D57192A69D01B00087635 /* LocationManager.swift in Sources */ = {isa = PBXBuildFile; fileRef = A44D57182A69D01B00087635 /* LocationManager.swift */; };
		A4B15D3C2A6BDC6800938688 /* RideRequestView.swift in Sources */ = {isa = PBXBuildFile; fileRef = A4B15D3B2A6BDC6800938688 /* RideRequestView.swift */; };
		A4B15D3E2A6C020800938688 /* RideType.swift in Sources */ = {isa = PBXBuildFile; fileRef = A4B15D3D2A6C020800938688 /* RideType.swift */; };
/* End PBXBuildFile section */

/* Begin PBXFileReference section */
		A4213F932A6A71CF00B14A40 /* LocationSearchActivationView.swift */ = {isa = PBXFileReference; lastKnownFileType = sourcecode.swift; path = LocationSearchActivationView.swift; sourceTree = "<group>"; };
		A4213F952A6A744300B14A40 /* MapViewActionButton.swift */ = {isa = PBXFileReference; lastKnownFileType = sourcecode.swift; path = MapViewActionButton.swift; sourceTree = "<group>"; };
		A4213F972A6A77EF00B14A40 /* LocationSearchView.swift */ = {isa = PBXFileReference; lastKnownFileType = sourcecode.swift; path = LocationSearchView.swift; sourceTree = "<group>"; };
		A4213F992A6A7F9E00B14A40 /* LocationSearchResultsCell.swift */ = {isa = PBXFileReference; lastKnownFileType = sourcecode.swift; path = LocationSearchResultsCell.swift; sourceTree = "<group>"; };
		A4213F9D2A6A8D0100B14A40 /* LocationSearchModel.swift */ = {isa = PBXFileReference; lastKnownFileType = sourcecode.swift; path = LocationSearchModel.swift; sourceTree = "<group>"; };
		A4213F9F2A6B137C00B14A40 /* MapViewsState.swift */ = {isa = PBXFileReference; lastKnownFileType = sourcecode.swift; path = MapViewsState.swift; sourceTree = "<group>"; };
		A44D56FB2A69ABC000087635 /* TaxiApp.app */ = {isa = PBXFileReference; explicitFileType = wrapper.application; includeInIndex = 0; path = TaxiApp.app; sourceTree = BUILT_PRODUCTS_DIR; };
		A44D56FE2A69ABC000087635 /* TaxiAppApp.swift */ = {isa = PBXFileReference; lastKnownFileType = sourcecode.swift; path = TaxiAppApp.swift; sourceTree = "<group>"; };
		A44D57022A69ABC100087635 /* Assets.xcassets */ = {isa = PBXFileReference; lastKnownFileType = folder.assetcatalog; path = Assets.xcassets; sourceTree = "<group>"; };
		A44D57052A69ABC100087635 /* Preview Assets.xcassets */ = {isa = PBXFileReference; lastKnownFileType = folder.assetcatalog; path = "Preview Assets.xcassets"; sourceTree = "<group>"; };
		A44D57132A69AC6700087635 /* HomeView.swift */ = {isa = PBXFileReference; lastKnownFileType = sourcecode.swift; path = HomeView.swift; sourceTree = "<group>"; };
		A44D57152A69ACF500087635 /* UberMapViewRepresentable.swift */ = {isa = PBXFileReference; lastKnownFileType = sourcecode.swift; path = UberMapViewRepresentable.swift; sourceTree = "<group>"; };
		A44D57182A69D01B00087635 /* LocationManager.swift */ = {isa = PBXFileReference; lastKnownFileType = sourcecode.swift; path = LocationManager.swift; sourceTree = "<group>"; };
		A4B15D3B2A6BDC6800938688 /* RideRequestView.swift */ = {isa = PBXFileReference; lastKnownFileType = sourcecode.swift; path = RideRequestView.swift; sourceTree = "<group>"; };
		A4B15D3D2A6C020800938688 /* RideType.swift */ = {isa = PBXFileReference; lastKnownFileType = sourcecode.swift; path = RideType.swift; sourceTree = "<group>"; };
/* End PBXFileReference section */

/* Begin PBXFrameworksBuildPhase section */
		A44D56F82A69ABC000087635 /* Frameworks */ = {
			isa = PBXFrameworksBuildPhase;
			buildActionMask = 2147483647;
			files = (
			);
			runOnlyForDeploymentPostprocessing = 0;
		};
/* End PBXFrameworksBuildPhase section */

/* Begin PBXGroup section */
		A4213F8F2A6A715D00B14A40 /* Home */ = {
			isa = PBXGroup;
			children = (
				A44D57122A69AC5800087635 /* Views */,
				A44D57112A69AC5000087635 /* ViewModel */,
			);
			path = Home;
			sourceTree = "<group>";
		};
		A4213F902A6A717900B14A40 /* LocationSearch */ = {
			isa = PBXGroup;
			children = (
				A4213F922A6A719D00B14A40 /* Views */,
				A4213F912A6A719400B14A40 /* ViewModel */,
			);
			path = LocationSearch;
			sourceTree = "<group>";
		};
		A4213F912A6A719400B14A40 /* ViewModel */ = {
			isa = PBXGroup;
			children = (
				A4213F9D2A6A8D0100B14A40 /* LocationSearchModel.swift */,
			);
			path = ViewModel;
			sourceTree = "<group>";
		};
		A4213F922A6A719D00B14A40 /* Views */ = {
			isa = PBXGroup;
			children = (
				A4213F932A6A71CF00B14A40 /* LocationSearchActivationView.swift */,
				A4213F972A6A77EF00B14A40 /* LocationSearchView.swift */,
				A4213F992A6A7F9E00B14A40 /* LocationSearchResultsCell.swift */,
			);
			path = Views;
			sourceTree = "<group>";
		};
		A44D56F22A69ABC000087635 = {
			isa = PBXGroup;
			children = (
				A44D56FD2A69ABC000087635 /* TaxiApp */,
				A44D56FC2A69ABC000087635 /* Products */,
			);
			sourceTree = "<group>";
		};
		A44D56FC2A69ABC000087635 /* Products */ = {
			isa = PBXGroup;
			children = (
				A44D56FB2A69ABC000087635 /* TaxiApp.app */,
			);
			name = Products;
			sourceTree = "<group>";
		};
		A44D56FD2A69ABC000087635 /* TaxiApp */ = {
			isa = PBXGroup;
			children = (
				A44D57102A69AC2D00087635 /* Managers */,
				A44D570F2A69AC2600087635 /* Models */,
				A44D570E2A69ABF400087635 /* Extensions */,
				A44D570D2A69ABEE00087635 /* Core */,
				A44D570C2A69ABE200087635 /* App */,
				A44D57022A69ABC100087635 /* Assets.xcassets */,
				A44D57042A69ABC100087635 /* Preview Content */,
			);
			path = TaxiApp;
			sourceTree = "<group>";
		};
		A44D57042A69ABC100087635 /* Preview Content */ = {
			isa = PBXGroup;
			children = (
				A44D57052A69ABC100087635 /* Preview Assets.xcassets */,
			);
			path = "Preview Content";
			sourceTree = "<group>";
		};
		A44D570C2A69ABE200087635 /* App */ = {
			isa = PBXGroup;
			children = (
				A44D56FE2A69ABC000087635 /* TaxiAppApp.swift */,
			);
			path = App;
			sourceTree = "<group>";
		};
		A44D570D2A69ABEE00087635 /* Core */ = {
			isa = PBXGroup;
			children = (
				A4B15D3A2A6BDC5200938688 /* Trips */,
				A4213F902A6A717900B14A40 /* LocationSearch */,
				A4213F8F2A6A715D00B14A40 /* Home */,
			);
			path = Core;
			sourceTree = "<group>";
		};
		A44D570E2A69ABF400087635 /* Extensions */ = {
			isa = PBXGroup;
			children = (
			);
			path = Extensions;
			sourceTree = "<group>";
		};
		A44D570F2A69AC2600087635 /* Models */ = {
			isa = PBXGroup;
			children = (
				A4213F9F2A6B137C00B14A40 /* MapViewsState.swift */,
				A4B15D3D2A6C020800938688 /* RideType.swift */,
			);
			path = Models;
			sourceTree = "<group>";
		};
		A44D57102A69AC2D00087635 /* Managers */ = {
			isa = PBXGroup;
			children = (
				A44D57182A69D01B00087635 /* LocationManager.swift */,
			);
			path = Managers;
			sourceTree = "<group>";
		};
		A44D57112A69AC5000087635 /* ViewModel */ = {
			isa = PBXGroup;
			children = (
			);
			path = ViewModel;
			sourceTree = "<group>";
		};
		A44D57122A69AC5800087635 /* Views */ = {
			isa = PBXGroup;
			children = (
				A44D57132A69AC6700087635 /* HomeView.swift */,
				A44D57152A69ACF500087635 /* UberMapViewRepresentable.swift */,
				A4213F952A6A744300B14A40 /* MapViewActionButton.swift */,
			);
			path = Views;
			sourceTree = "<group>";
		};
		A4B15D3A2A6BDC5200938688 /* Trips */ = {
			isa = PBXGroup;
			children = (
				A4B15D3B2A6BDC6800938688 /* RideRequestView.swift */,
			);
			path = Trips;
			sourceTree = "<group>";
		};
/* End PBXGroup section */

/* Begin PBXNativeTarget section */
		A44D56FA2A69ABC000087635 /* TaxiApp */ = {
			isa = PBXNativeTarget;
			buildConfigurationList = A44D57092A69ABC100087635 /* Build configuration list for PBXNativeTarget "TaxiApp" */;
			buildPhases = (
				A44D56F72A69ABC000087635 /* Sources */,
				A44D56F82A69ABC000087635 /* Frameworks */,
				A44D56F92A69ABC000087635 /* Resources */,
			);
			buildRules = (
			);
			dependencies = (
			);
			name = TaxiApp;
			productName = TaxiApp;
			productReference = A44D56FB2A69ABC000087635 /* TaxiApp.app */;
			productType = "com.apple.product-type.application";
		};
/* End PBXNativeTarget section */

/* Begin PBXProject section */
		A44D56F32A69ABC000087635 /* Project object */ = {
			isa = PBXProject;
			attributes = {
				BuildIndependentTargetsInParallel = 1;
				LastSwiftUpdateCheck = 1430;
				LastUpgradeCheck = 1430;
				TargetAttributes = {
					A44D56FA2A69ABC000087635 = {
						CreatedOnToolsVersion = 14.3.1;
					};
				};
			};
			buildConfigurationList = A44D56F62A69ABC000087635 /* Build configuration list for PBXProject "TaxiApp" */;
			compatibilityVersion = "Xcode 14.0";
			developmentRegion = en;
			hasScannedForEncodings = 0;
			knownRegions = (
				en,
				Base,
			);
			mainGroup = A44D56F22A69ABC000087635;
			productRefGroup = A44D56FC2A69ABC000087635 /* Products */;
			projectDirPath = "";
			projectRoot = "";
			targets = (
				A44D56FA2A69ABC000087635 /* TaxiApp */,
			);
		};
/* End PBXProject section */

/* Begin PBXResourcesBuildPhase section */
		A44D56F92A69ABC000087635 /* Resources */ = {
			isa = PBXResourcesBuildPhase;
			buildActionMask = 2147483647;
			files = (
				A44D57062A69ABC100087635 /* Preview Assets.xcassets in Resources */,
				A44D57032A69ABC100087635 /* Assets.xcassets in Resources */,
			);
			runOnlyForDeploymentPostprocessing = 0;
		};
/* End PBXResourcesBuildPhase section */

/* Begin PBXSourcesBuildPhase section */
		A44D56F72A69ABC000087635 /* Sources */ = {
			isa = PBXSourcesBuildPhase;
			buildActionMask = 2147483647;
			files = (
				A4213F982A6A77EF00B14A40 /* LocationSearchView.swift in Sources */,
				A44D57192A69D01B00087635 /* LocationManager.swift in Sources */,
				A4213F962A6A744300B14A40 /* MapViewActionButton.swift in Sources */,
				A4B15D3C2A6BDC6800938688 /* RideRequestView.swift in Sources */,
				A4213F9E2A6A8D0100B14A40 /* LocationSearchModel.swift in Sources */,
				A4213F9A2A6A7F9E00B14A40 /* LocationSearchResultsCell.swift in Sources */,
				A44D56FF2A69ABC000087635 /* TaxiAppApp.swift in Sources */,
				A44D57162A69ACF500087635 /* UberMapViewRepresentable.swift in Sources */,
				A4213FA02A6B137C00B14A40 /* MapViewsState.swift in Sources */,
				A44D57142A69AC6700087635 /* HomeView.swift in Sources */,
				A4213F942A6A71CF00B14A40 /* LocationSearchActivationView.swift in Sources */,
				A4B15D3E2A6C020800938688 /* RideType.swift in Sources */,
			);
			runOnlyForDeploymentPostprocessing = 0;
		};
/* End PBXSourcesBuildPhase section */

/* Begin XCBuildConfiguration section */
		A44D57072A69ABC100087635 /* Debug */ = {
			isa = XCBuildConfiguration;
			buildSettings = {
				ALWAYS_SEARCH_USER_PATHS = NO;
				CLANG_ANALYZER_NONNULL = YES;
				CLANG_ANALYZER_NUMBER_OBJECT_CONVERSION = YES_AGGRESSIVE;
				CLANG_CXX_LANGUAGE_STANDARD = "gnu++20";
				CLANG_ENABLE_MODULES = YES;
				CLANG_ENABLE_OBJC_ARC = YES;
				CLANG_ENABLE_OBJC_WEAK = YES;
				CLANG_WARN_BLOCK_CAPTURE_AUTORELEASING = YES;
				CLANG_WARN_BOOL_CONVERSION = YES;
				CLANG_WARN_COMMA = YES;
				CLANG_WARN_CONSTANT_CONVERSION = YES;
				CLANG_WARN_DEPRECATED_OBJC_IMPLEMENTATIONS = YES;
				CLANG_WARN_DIRECT_OBJC_ISA_USAGE = YES_ERROR;
				CLANG_WARN_DOCUMENTATION_COMMENTS = YES;
				CLANG_WARN_EMPTY_BODY = YES;
				CLANG_WARN_ENUM_CONVERSION = YES;
				CLANG_WARN_INFINITE_RECURSION = YES;
				CLANG_WARN_INT_CONVERSION = YES;
				CLANG_WARN_NON_LITERAL_NULL_CONVERSION = YES;
				CLANG_WARN_OBJC_IMPLICIT_RETAIN_SELF = YES;
				CLANG_WARN_OBJC_LITERAL_CONVERSION = YES;
				CLANG_WARN_OBJC_ROOT_CLASS = YES_ERROR;
				CLANG_WARN_QUOTED_INCLUDE_IN_FRAMEWORK_HEADER = YES;
				CLANG_WARN_RANGE_LOOP_ANALYSIS = YES;
				CLANG_WARN_STRICT_PROTOTYPES = YES;
				CLANG_WARN_SUSPICIOUS_MOVE = YES;
				CLANG_WARN_UNGUARDED_AVAILABILITY = YES_AGGRESSIVE;
				CLANG_WARN_UNREACHABLE_CODE = YES;
				CLANG_WARN__DUPLICATE_METHOD_MATCH = YES;
				COPY_PHASE_STRIP = NO;
				DEBUG_INFORMATION_FORMAT = dwarf;
				ENABLE_STRICT_OBJC_MSGSEND = YES;
				ENABLE_TESTABILITY = YES;
				GCC_C_LANGUAGE_STANDARD = gnu11;
				GCC_DYNAMIC_NO_PIC = NO;
				GCC_NO_COMMON_BLOCKS = YES;
				GCC_OPTIMIZATION_LEVEL = 0;
				GCC_PREPROCESSOR_DEFINITIONS = (
					"DEBUG=1",
					"$(inherited)",
				);
				GCC_WARN_64_TO_32_BIT_CONVERSION = YES;
				GCC_WARN_ABOUT_RETURN_TYPE = YES_ERROR;
				GCC_WARN_UNDECLARED_SELECTOR = YES;
				GCC_WARN_UNINITIALIZED_AUTOS = YES_AGGRESSIVE;
				GCC_WARN_UNUSED_FUNCTION = YES;
				GCC_WARN_UNUSED_VARIABLE = YES;
				IPHONEOS_DEPLOYMENT_TARGET = 16.4;
				MTL_ENABLE_DEBUG_INFO = INCLUDE_SOURCE;
				MTL_FAST_MATH = YES;
				ONLY_ACTIVE_ARCH = YES;
				SDKROOT = iphoneos;
				SWIFT_ACTIVE_COMPILATION_CONDITIONS = DEBUG;
				SWIFT_OPTIMIZATION_LEVEL = "-Onone";
			};
			name = Debug;
		};
		A44D57082A69ABC100087635 /* Release */ = {
			isa = XCBuildConfiguration;
			buildSettings = {
				ALWAYS_SEARCH_USER_PATHS = NO;
				CLANG_ANALYZER_NONNULL = YES;
				CLANG_ANALYZER_NUMBER_OBJECT_CONVERSION = YES_AGGRESSIVE;
				CLANG_CXX_LANGUAGE_STANDARD = "gnu++20";
				CLANG_ENABLE_MODULES = YES;
				CLANG_ENABLE_OBJC_ARC = YES;
				CLANG_ENABLE_OBJC_WEAK = YES;
				CLANG_WARN_BLOCK_CAPTURE_AUTORELEASING = YES;
				CLANG_WARN_BOOL_CONVERSION = YES;
				CLANG_WARN_COMMA = YES;
				CLANG_WARN_CONSTANT_CONVERSION = YES;
				CLANG_WARN_DEPRECATED_OBJC_IMPLEMENTATIONS = YES;
				CLANG_WARN_DIRECT_OBJC_ISA_USAGE = YES_ERROR;
				CLANG_WARN_DOCUMENTATION_COMMENTS = YES;
				CLANG_WARN_EMPTY_BODY = YES;
				CLANG_WARN_ENUM_CONVERSION = YES;
				CLANG_WARN_INFINITE_RECURSION = YES;
				CLANG_WARN_INT_CONVERSION = YES;
				CLANG_WARN_NON_LITERAL_NULL_CONVERSION = YES;
				CLANG_WARN_OBJC_IMPLICIT_RETAIN_SELF = YES;
				CLANG_WARN_OBJC_LITERAL_CONVERSION = YES;
				CLANG_WARN_OBJC_ROOT_CLASS = YES_ERROR;
				CLANG_WARN_QUOTED_INCLUDE_IN_FRAMEWORK_HEADER = YES;
				CLANG_WARN_RANGE_LOOP_ANALYSIS = YES;
				CLANG_WARN_STRICT_PROTOTYPES = YES;
				CLANG_WARN_SUSPICIOUS_MOVE = YES;
				CLANG_WARN_UNGUARDED_AVAILABILITY = YES_AGGRESSIVE;
				CLANG_WARN_UNREACHABLE_CODE = YES;
				CLANG_WARN__DUPLICATE_METHOD_MATCH = YES;
				COPY_PHASE_STRIP = NO;
				DEBUG_INFORMATION_FORMAT = "dwarf-with-dsym";
				ENABLE_NS_ASSERTIONS = NO;
				ENABLE_STRICT_OBJC_MSGSEND = YES;
				GCC_C_LANGUAGE_STANDARD = gnu11;
				GCC_NO_COMMON_BLOCKS = YES;
				GCC_WARN_64_TO_32_BIT_CONVERSION = YES;
				GCC_WARN_ABOUT_RETURN_TYPE = YES_ERROR;
				GCC_WARN_UNDECLARED_SELECTOR = YES;
				GCC_WARN_UNINITIALIZED_AUTOS = YES_AGGRESSIVE;
				GCC_WARN_UNUSED_FUNCTION = YES;
				GCC_WARN_UNUSED_VARIABLE = YES;
				IPHONEOS_DEPLOYMENT_TARGET = 16.4;
				MTL_ENABLE_DEBUG_INFO = NO;
				MTL_FAST_MATH = YES;
				SDKROOT = iphoneos;
				SWIFT_COMPILATION_MODE = wholemodule;
				SWIFT_OPTIMIZATION_LEVEL = "-O";
				VALIDATE_PRODUCT = YES;
			};
			name = Release;
		};
		A44D570A2A69ABC100087635 /* Debug */ = {
			isa = XCBuildConfiguration;
			buildSettings = {
				ASSETCATALOG_COMPILER_APPICON_NAME = AppIcon;
				ASSETCATALOG_COMPILER_GLOBAL_ACCENT_COLOR_NAME = AccentColor;
				CODE_SIGN_STYLE = Automatic;
				CURRENT_PROJECT_VERSION = 1;
				DEVELOPMENT_ASSET_PATHS = "\"TaxiApp/Preview Content\"";
				DEVELOPMENT_TEAM = YTVX2Y5R7P;
				ENABLE_PREVIEWS = YES;
				GENERATE_INFOPLIST_FILE = YES;
				INFOPLIST_KEY_LSApplicationCategoryType = "";
				INFOPLIST_KEY_NSLocationWhenInUseUsageDescription = "Please allow us to get your location to quick find the car between your location";
				INFOPLIST_KEY_UIApplicationSceneManifest_Generation = YES;
				INFOPLIST_KEY_UIApplicationSupportsIndirectInputEvents = YES;
				INFOPLIST_KEY_UILaunchScreen_Generation = YES;
				INFOPLIST_KEY_UISupportedInterfaceOrientations_iPad = "UIInterfaceOrientationPortrait UIInterfaceOrientationPortraitUpsideDown UIInterfaceOrientationLandscapeLeft UIInterfaceOrientationLandscapeRight";
				INFOPLIST_KEY_UISupportedInterfaceOrientations_iPhone = "UIInterfaceOrientationPortrait UIInterfaceOrientationLandscapeLeft UIInterfaceOrientationLandscapeRight";
				LD_RUNPATH_SEARCH_PATHS = (
					"$(inherited)",
					"@executable_path/Frameworks",
				);
				MARKETING_VERSION = 1.0;
				PRODUCT_BUNDLE_IDENTIFIER = com.igorodaryuk.TaxiApp;
				PRODUCT_NAME = "$(TARGET_NAME)";
				SWIFT_EMIT_LOC_STRINGS = YES;
				SWIFT_VERSION = 5.0;
				TARGETED_DEVICE_FAMILY = "1,2";
			};
			name = Debug;
		};
		A44D570B2A69ABC100087635 /* Release */ = {
			isa = XCBuildConfiguration;
			buildSettings = {
				ASSETCATALOG_COMPILER_APPICON_NAME = AppIcon;
				ASSETCATALOG_COMPILER_GLOBAL_ACCENT_COLOR_NAME = AccentColor;
				CODE_SIGN_STYLE = Automatic;
				CURRENT_PROJECT_VERSION = 1;
				DEVELOPMENT_ASSET_PATHS = "\"TaxiApp/Preview Content\"";
				DEVELOPMENT_TEAM = YTVX2Y5R7P;
				ENABLE_PREVIEWS = YES;
				GENERATE_INFOPLIST_FILE = YES;
				INFOPLIST_KEY_LSApplicationCategoryType = "";
				INFOPLIST_KEY_NSLocationWhenInUseUsageDescription = "Please allow us to get your location to quick find the car between your location";
				INFOPLIST_KEY_UIApplicationSceneManifest_Generation = YES;
				INFOPLIST_KEY_UIApplicationSupportsIndirectInputEvents = YES;
				INFOPLIST_KEY_UILaunchScreen_Generation = YES;
				INFOPLIST_KEY_UISupportedInterfaceOrientations_iPad = "UIInterfaceOrientationPortrait UIInterfaceOrientationPortraitUpsideDown UIInterfaceOrientationLandscapeLeft UIInterfaceOrientationLandscapeRight";
				INFOPLIST_KEY_UISupportedInterfaceOrientations_iPhone = "UIInterfaceOrientationPortrait UIInterfaceOrientationLandscapeLeft UIInterfaceOrientationLandscapeRight";
				LD_RUNPATH_SEARCH_PATHS = (
					"$(inherited)",
					"@executable_path/Frameworks",
				);
				MARKETING_VERSION = 1.0;
				PRODUCT_BUNDLE_IDENTIFIER = com.igorodaryuk.TaxiApp;
				PRODUCT_NAME = "$(TARGET_NAME)";
				SWIFT_EMIT_LOC_STRINGS = YES;
				SWIFT_VERSION = 5.0;
				TARGETED_DEVICE_FAMILY = "1,2";
			};
			name = Release;
		};
/* End XCBuildConfiguration section */

/* Begin XCConfigurationList section */
		A44D56F62A69ABC000087635 /* Build configuration list for PBXProject "TaxiApp" */ = {
			isa = XCConfigurationList;
			buildConfigurations = (
				A44D57072A69ABC100087635 /* Debug */,
				A44D57082A69ABC100087635 /* Release */,
			);
			defaultConfigurationIsVisible = 0;
			defaultConfigurationName = Release;
		};
		A44D57092A69ABC100087635 /* Build configuration list for PBXNativeTarget "TaxiApp" */ = {
			isa = XCConfigurationList;
			buildConfigurations = (
				A44D570A2A69ABC100087635 /* Debug */,
				A44D570B2A69ABC100087635 /* Release */,
			);
			defaultConfigurationIsVisible = 0;
			defaultConfigurationName = Release;
		};
/* End XCConfigurationList section */
	};
	rootObject = A44D56F32A69ABC000087635 /* Project object */;
}
